
Microsoft Visual Studio Solution File, Format Version 12.00
# Visual Studio Version 16
VisualStudioVersion = 16.0.32106.194
MinimumVisualStudioVersion = 10.0.40219.1
Project("{F184B08F-C81C-45F6-A57F-5ABD9991F28F}") = "Laab1", "D:\Laab1\Laab1\Laab1.vbproj", "{A1FCCA50-619B-40AB-9822-052C087BAC9B}"
EndProject
Global
	GlobalSection(SolutionConfigurationPlatforms) = preSolution
		Debug|Any CPU = Debug|Any CPU
		Release|Any CPU = Release|Any CPU
	EndGlobalSection
	GlobalSection(ProjectConfigurationPlatforms) = postSolution
		{A1FCCA50-619B-40AB-9822-052C087BAC9B}.Debug|Any CPU.ActiveCfg = Debug|Any CPU
		{A1FCCA50-619B-40AB-9822-052C087BAC9B}.Debug|Any CPU.Build.0 = Debug|Any CPU
		{A1FCCA50-619B-40AB-9822-052C087BAC9B}.Release|Any CPU.ActiveCfg = Release|Any CPU
		{A1FCCA50-619B-40AB-9822-052C087BAC9B}.Release|Any CPU.Build.0 = Release|Any CPU
	EndGlobalSection
	GlobalSection(SolutionProperties) = preSolution
		HideSolutionNode = FALSE
	EndGlobalSection
	GlobalSection(ExtensibilityGlobals) = postSolution
		SolutionGuid = {932DB204-2359-4E03-BDF9-26A94AC74B0B}
	EndGlobalSection
EndGlobal
